
Microsoft Visual Studio Solution File, Format Version 12.00
Project("{FAE04EC0-301F-11D3-BF4B-00C04F79EFBC}") = "Shop", "Shop.csproj", "{29F2D92E-5616-4050-B386-F8941BB80712}"
EndProject
Global
	GlobalSection(SolutionConfigurationPlatforms) = preSolution
		Debug|Any CPU = Debug|Any CPU
		Release|Any CPU = Release|Any CPU
	EndGlobalSection
	GlobalSection(ProjectConfigurationPlatforms) = postSolution
		{29F2D92E-5616-4050-B386-F8941BB80712}.Debug|Any CPU.ActiveCfg = Debug|Any CPU
		{29F2D92E-5616-4050-B386-F8941BB80712}.Debug|Any CPU.Build.0 = Debug|Any CPU
		{29F2D92E-5616-4050-B386-F8941BB80712}.Release|Any CPU.ActiveCfg = Release|Any CPU
		{29F2D92E-5616-4050-B386-F8941BB80712}.Release|Any CPU.Build.0 = Release|Any CPU
	EndGlobalSection
EndGlobal
